// !$*UTF8*$!
{
	archiveVersion = 1;
	classes = {
	};
	objectVersion = 56;
	objects = {

/* Begin PBXBuildFile section */
		FCD6F3D828E67BDA00000948 /* CounterApp.swift in Sources */ = {isa = PBXBuildFile; fileRef = FCD6F3D728E67BDA00000948 /* CounterApp.swift */; };
		FCD6F3DA28E67BDA00000948 /* ContentView.swift in Sources */ = {isa = PBXBuildFile; fileRef = FCD6F3D928E67BDA00000948 /* ContentView.swift */; };
		FCD6F3DC28E67BDC00000948 /* Assets.xcassets in Resources */ = {isa = PBXBuildFile; fileRef = FCD6F3DB28E67BDC00000948 /* Assets.xcassets */; };
		FCD6F3DF28E67BDC00000948 /* Preview Assets.xcassets in Resources */ = {isa = PBXBuildFile; fileRef = FCD6F3DE28E67BDC00000948 /* Preview Assets.xcassets */; };
		FCD6F3E928E67BDC00000948 /* CounterTests.swift in Sources */ = {isa = PBXBuildFile; fileRef = FCD6F3E828E67BDC00000948 /* CounterTests.swift */; };
		FCD6F3F328E67BDC00000948 /* CounterUITests.swift in Sources */ = {isa = PBXBuildFile; fileRef = FCD6F3F228E67BDC00000948 /* CounterUITests.swift */; };
		FCD6F3F528E67BDC00000948 /* CounterUITestsLaunchTests.swift in Sources */ = {isa = PBXBuildFile; fileRef = FCD6F3F428E67BDC00000948 /* CounterUITestsLaunchTests.swift */; };
/* End PBXBuildFile section */

/* Begin PBXContainerItemProxy section */
		FCD6F3E528E67BDC00000948 /* PBXContainerItemProxy */ = {
			isa = PBXContainerItemProxy;
			containerPortal = FCD6F3CC28E67BDA00000948 /* Project object */;
			proxyType = 1;
			remoteGlobalIDString = FCD6F3D328E67BDA00000948;
			remoteInfo = Counter;
		};
		FCD6F3EF28E67BDC00000948 /* PBXContainerItemProxy */ = {
			isa = PBXContainerItemProxy;
			containerPortal = FCD6F3CC28E67BDA00000948 /* Project object */;
			proxyType = 1;
			remoteGlobalIDString = FCD6F3D328E67BDA00000948;
			remoteInfo = Counter;
		};
/* End PBXContainerItemProxy section */

/* Begin PBXFileReference section */
		FCD6F3D428E67BDA00000948 /* Counter.app */ = {isa = PBXFileReference; explicitFileType = wrapper.application; includeInIndex = 0; path = Counter.app; sourceTree = BUILT_PRODUCTS_DIR; };
		FCD6F3D728E67BDA00000948 /* CounterApp.swift */ = {isa = PBXFileReference; lastKnownFileType = sourcecode.swift; path = CounterApp.swift; sourceTree = "<group>"; };
		FCD6F3D928E67BDA00000948 /* ContentView.swift */ = {isa = PBXFileReference; lastKnownFileType = sourcecode.swift; path = ContentView.swift; sourceTree = "<group>"; };
		FCD6F3DB28E67BDC00000948 /* Assets.xcassets */ = {isa = PBXFileReference; lastKnownFileType = folder.assetcatalog; path = Assets.xcassets; sourceTree = "<group>"; };
		FCD6F3DE28E67BDC00000948 /* Preview Assets.xcassets */ = {isa = PBXFileReference; lastKnownFileType = folder.assetcatalog; path = "Preview Assets.xcassets"; sourceTree = "<group>"; };
		FCD6F3E428E67BDC00000948 /* CounterTests.xctest */ = {isa = PBXFileReference; explicitFileType = wrapper.cfbundle; includeInIndex = 0; path = CounterTests.xctest; sourceTree = BUILT_PRODUCTS_DIR; };
		FCD6F3E828E67BDC00000948 /* CounterTests.swift */ = {isa = PBXFileReference; lastKnownFileType = sourcecode.swift; path = CounterTests.swift; sourceTree = "<group>"; };
		FCD6F3EE28E67BDC00000948 /* CounterUITests.xctest */ = {isa = PBXFileReference; explicitFileType = wrapper.cfbundle; includeInIndex = 0; path = CounterUITests.xctest; sourceTree = BUILT_PRODUCTS_DIR; };
		FCD6F3F228E67BDC00000948 /* CounterUITests.swift */ = {isa = PBXFileReference; lastKnownFileType = sourcecode.swift; path = CounterUITests.swift; sourceTree = "<group>"; };
		FCD6F3F428E67BDC00000948 /* CounterUITestsLaunchTests.swift */ = {isa = PBXFileReference; lastKnownFileType = sourcecode.swift; path = CounterUITestsLaunchTests.swift; sourceTree = "<group>"; };
/* End PBXFileReference section */

/* Begin PBXFrameworksBuildPhase section */
		FCD6F3D128E67BDA00000948 /* Frameworks */ = {
			isa = PBXFrameworksBuildPhase;
			buildActionMask = 2147483647;
			files = (
			);
			runOnlyForDeploymentPostprocessing = 0;
		};
		FCD6F3E128E67BDC00000948 /* Frameworks */ = {
			isa = PBXFrameworksBuildPhase;
			buildActionMask = 2147483647;
			files = (
			);
			runOnlyForDeploymentPostprocessing = 0;
		};
		FCD6F3EB28E67BDC00000948 /* Frameworks */ = {
			isa = PBXFrameworksBuildPhase;
			buildActionMask = 2147483647;
			files = (
			);
			runOnlyForDeploymentPostprocessing = 0;
		};
/* End PBXFrameworksBuildPhase section */

/* Begin PBXGroup section */
		FCD6F3CB28E67BDA00000948 = {
			isa = PBXGroup;
			children = (
				FCD6F3D628E67BDA00000948 /* Counter */,
				FCD6F3E728E67BDC00000948 /* CounterTests */,
				FCD6F3F128E67BDC00000948 /* CounterUITests */,
				FCD6F3D528E67BDA00000948 /* Products */,
			);
			sourceTree = "<group>";
		};
		FCD6F3D528E67BDA00000948 /* Products */ = {
			isa = PBXGroup;
			children = (
				FCD6F3D428E67BDA00000948 /* Counter.app */,
				FCD6F3E428E67BDC00000948 /* CounterTests.xctest */,
				FCD6F3EE28E67BDC00000948 /* CounterUITests.xctest */,
			);
			name = Products;
			sourceTree = "<group>";
		};
		FCD6F3D628E67BDA00000948 /* Counter */ = {
			isa = PBXGroup;
			children = (
				FCD6F3D728E67BDA00000948 /* CounterApp.swift */,
				FCD6F3D928E67BDA00000948 /* ContentView.swift */,
				FCD6F3DB28E67BDC00000948 /* Assets.xcassets */,
				FCD6F3DD28E67BDC00000948 /* Preview Content */,
			);
			path = Counter;
			sourceTree = "<group>";
		};
		FCD6F3DD28E67BDC00000948 /* Preview Content */ = {
			isa = PBXGroup;
			children = (
				FCD6F3DE28E67BDC00000948 /* Preview Assets.xcassets */,
			);
			path = "Preview Content";
			sourceTree = "<group>";
		};
		FCD6F3E728E67BDC00000948 /* CounterTests */ = {
			isa = PBXGroup;
			children = (
				FCD6F3E828E67BDC00000948 /* CounterTests.swift */,
			);
			path = CounterTests;
			sourceTree = "<group>";
		};
		FCD6F3F128E67BDC00000948 /* CounterUITests */ = {
			isa = PBXGroup;
			children = (
				FCD6F3F228E67BDC00000948 /* CounterUITests.swift */,
				FCD6F3F428E67BDC00000948 /* CounterUITestsLaunchTests.swift */,
			);
			path = CounterUITests;
			sourceTree = "<group>";
		};
/* End PBXGroup section */

/* Begin PBXNativeTarget section */
		FCD6F3D328E67BDA00000948 /* Counter */ = {
			isa = PBXNativeTarget;
			buildConfigurationList = FCD6F3F828E67BDC00000948 /* Build configuration list for PBXNativeTarget "Counter" */;
			buildPhases = (
				FCD6F3D028E67BDA00000948 /* Sources */,
				FCD6F3D128E67BDA00000948 /* Frameworks */,
				FCD6F3D228E67BDA00000948 /* Resources */,
			);
			buildRules = (
			);
			dependencies = (
			);
			name = Counter;
			productName = Counter;
			productReference = FCD6F3D428E67BDA00000948 /* Counter.app */;
			productType = "com.apple.product-type.application";
		};
		FCD6F3E328E67BDC00000948 /* CounterTests */ = {
			isa = PBXNativeTarget;
			buildConfigurationList = FCD6F3FB28E67BDC00000948 /* Build configuration list for PBXNativeTarget "CounterTests" */;
			buildPhases = (
				FCD6F3E028E67BDC00000948 /* Sources */,
				FCD6F3E128E67BDC00000948 /* Frameworks */,
				FCD6F3E228E67BDC00000948 /* Resources */,
			);
			buildRules = (
			);
			dependencies = (
				FCD6F3E628E67BDC00000948 /* PBXTargetDependency */,
			);
			name = CounterTests;
			productName = CounterTests;
			productReference = FCD6F3E428E67BDC00000948 /* CounterTests.xctest */;
			productType = "com.apple.product-type.bundle.unit-test";
		};
		FCD6F3ED28E67BDC00000948 /* CounterUITests */ = {
			isa = PBXNativeTarget;
			buildConfigurationList = FCD6F3FE28E67BDC00000948 /* Build configuration list for PBXNativeTarget "CounterUITests" */;
			buildPhases = (
				FCD6F3EA28E67BDC00000948 /* Sources */,
				FCD6F3EB28E67BDC00000948 /* Frameworks */,
				FCD6F3EC28E67BDC00000948 /* Resources */,
			);
			buildRules = (
			);
			dependencies = (
				FCD6F3F028E67BDC00000948 /* PBXTargetDependency */,
			);
			name = CounterUITests;
			productName = CounterUITests;
			productReference = FCD6F3EE28E67BDC00000948 /* CounterUITests.xctest */;
			productType = "com.apple.product-type.bundle.ui-testing";
		};
/* End PBXNativeTarget section */

/* Begin PBXProject section */
		FCD6F3CC28E67BDA00000948 /* Project object */ = {
			isa = PBXProject;
			attributes = {
				BuildIndependentTargetsInParallel = 1;
				LastSwiftUpdateCheck = 1400;
				LastUpgradeCheck = 1400;
				TargetAttributes = {
					FCD6F3D328E67BDA00000948 = {
						CreatedOnToolsVersion = 14.0;
					};
					FCD6F3E328E67BDC00000948 = {
						CreatedOnToolsVersion = 14.0;
						TestTargetID = FCD6F3D328E67BDA00000948;
					};
					FCD6F3ED28E67BDC00000948 = {
						CreatedOnToolsVersion = 14.0;
						TestTargetID = FCD6F3D328E67BDA00000948;
					};
				};
			};
			buildConfigurationList = FCD6F3CF28E67BDA00000948 /* Build configuration list for PBXProject "Counter" */;
			compatibilityVersion = "Xcode 14.0";
			developmentRegion = en;
			hasScannedForEncodings = 0;
			knownRegions = (
				en,
				Base,
			);
			mainGroup = FCD6F3CB28E67BDA00000948;
			productRefGroup = FCD6F3D528E67BDA00000948 /* Products */;
			projectDirPath = "";
			projectRoot = "";
			targets = (
				FCD6F3D328E67BDA00000948 /* Counter */,
				FCD6F3E328E67BDC00000948 /* CounterTests */,
				FCD6F3ED28E67BDC00000948 /* CounterUITests */,
			);
		};
/* End PBXProject section */

/* Begin PBXResourcesBuildPhase section */
		FCD6F3D228E67BDA00000948 /* Resources */ = {
			isa = PBXResourcesBuildPhase;
			buildActionMask = 2147483647;
			files = (
				FCD6F3DF28E67BDC00000948 /* Preview Assets.xcassets in Resources */,
				FCD6F3DC28E67BDC00000948 /* Assets.xcassets in Resources */,
			);
			runOnlyForDeploymentPostprocessing = 0;
		};
		FCD6F3E228E67BDC00000948 /* Resources */ = {
			isa = PBXResourcesBuildPhase;
			buildActionMask = 2147483647;
			files = (
			);
			runOnlyForDeploymentPostprocessing = 0;
		};
		FCD6F3EC28E67BDC00000948 /* Resources */ = {
			isa = PBXResourcesBuildPhase;
			buildActionMask = 2147483647;
			files = (
			);
			runOnlyForDeploymentPostprocessing = 0;
		};
/* End PBXResourcesBuildPhase section */

/* Begin PBXSourcesBuildPhase section */
		FCD6F3D028E67BDA00000948 /* Sources */ = {
			isa = PBXSourcesBuildPhase;
			buildActionMask = 2147483647;
			files = (
				FCD6F3DA28E67BDA00000948 /* ContentView.swift in Sources */,
				FCD6F3D828E67BDA00000948 /* CounterApp.swift in Sources */,
			);
			runOnlyForDeploymentPostprocessing = 0;
		};
		FCD6F3E028E67BDC00000948 /* Sources */ = {
			isa = PBXSourcesBuildPhase;
			buildActionMask = 2147483647;
			files = (
				FCD6F3E928E67BDC00000948 /* CounterTests.swift in Sources */,
			);
			runOnlyForDeploymentPostprocessing = 0;
		};
		FCD6F3EA28E67BDC00000948 /* Sources */ = {
			isa = PBXSourcesBuildPhase;
			buildActionMask = 2147483647;
			files = (
				FCD6F3F328E67BDC00000948 /* CounterUITests.swift in Sources */,
				FCD6F3F528E67BDC00000948 /* CounterUITestsLaunchTests.swift in Sources */,
			);
			runOnlyForDeploymentPostprocessing = 0;
		};
/* End PBXSourcesBuildPhase section */

/* Begin PBXTargetDependency section */
		FCD6F3E628E67BDC00000948 /* PBXTargetDependency */ = {
			isa = PBXTargetDependency;
			target = FCD6F3D328E67BDA00000948 /* Counter */;
			targetProxy = FCD6F3E528E67BDC00000948 /* PBXContainerItemProxy */;
		};
		FCD6F3F028E67BDC00000948 /* PBXTargetDependency */ = {
			isa = PBXTargetDependency;
			target = FCD6F3D328E67BDA00000948 /* Counter */;
			targetProxy = FCD6F3EF28E67BDC00000948 /* PBXContainerItemProxy */;
		};
/* End PBXTargetDependency section */

/* Begin XCBuildConfiguration section */
		FCD6F3F628E67BDC00000948 /* Debug */ = {
			isa = XCBuildConfiguration;
			buildSettings = {
				ALWAYS_SEARCH_USER_PATHS = NO;
				CLANG_ANALYZER_NONNULL = YES;
				CLANG_ANALYZER_NUMBER_OBJECT_CONVERSION = YES_AGGRESSIVE;
				CLANG_CXX_LANGUAGE_STANDARD = "gnu++20";
				CLANG_ENABLE_MODULES = YES;
				CLANG_ENABLE_OBJC_ARC = YES;
				CLANG_ENABLE_OBJC_WEAK = YES;
				CLANG_WARN_BLOCK_CAPTURE_AUTORELEASING = YES;
				CLANG_WARN_BOOL_CONVERSION = YES;
				CLANG_WARN_COMMA = YES;
				CLANG_WARN_CONSTANT_CONVERSION = YES;
				CLANG_WARN_DEPRECATED_OBJC_IMPLEMENTATIONS = YES;
				CLANG_WARN_DIRECT_OBJC_ISA_USAGE = YES_ERROR;
				CLANG_WARN_DOCUMENTATION_COMMENTS = YES;
				CLANG_WARN_EMPTY_BODY = YES;
				CLANG_WARN_ENUM_CONVERSION = YES;
				CLANG_WARN_INFINITE_RECURSION = YES;
				CLANG_WARN_INT_CONVERSION = YES;
				CLANG_WARN_NON_LITERAL_NULL_CONVERSION = YES;
				CLANG_WARN_OBJC_IMPLICIT_RETAIN_SELF = YES;
				CLANG_WARN_OBJC_LITERAL_CONVERSION = YES;
				CLANG_WARN_OBJC_ROOT_CLASS = YES_ERROR;
				CLANG_WARN_QUOTED_INCLUDE_IN_FRAMEWORK_HEADER = YES;
				CLANG_WARN_RANGE_LOOP_ANALYSIS = YES;
				CLANG_WARN_STRICT_PROTOTYPES = YES;
				CLANG_WARN_SUSPICIOUS_MOVE = YES;
				CLANG_WARN_UNGUARDED_AVAILABILITY = YES_AGGRESSIVE;
				CLANG_WARN_UNREACHABLE_CODE = YES;
				CLANG_WARN__DUPLICATE_METHOD_MATCH = YES;
				COPY_PHASE_STRIP = NO;
				DEBUG_INFORMATION_FORMAT = dwarf;
				ENABLE_STRICT_OBJC_MSGSEND = YES;
				ENABLE_TESTABILITY = YES;
				GCC_C_LANGUAGE_STANDARD = gnu11;
				GCC_DYNAMIC_NO_PIC = NO;
				GCC_NO_COMMON_BLOCKS = YES;
				GCC_OPTIMIZATION_LEVEL = 0;
				GCC_PREPROCESSOR_DEFINITIONS = (
					"DEBUG=1",
					"$(inherited)",
				);
				GCC_WARN_64_TO_32_BIT_CONVERSION = YES;
				GCC_WARN_ABOUT_RETURN_TYPE = YES_ERROR;
				GCC_WARN_UNDECLARED_SELECTOR = YES;
				GCC_WARN_UNINITIALIZED_AUTOS = YES_AGGRESSIVE;
				GCC_WARN_UNUSED_FUNCTION = YES;
				GCC_WARN_UNUSED_VARIABLE = YES;
				IPHONEOS_DEPLOYMENT_TARGET = 16.0;
				MTL_ENABLE_DEBUG_INFO = INCLUDE_SOURCE;
				MTL_FAST_MATH = YES;
				ONLY_ACTIVE_ARCH = YES;
				SDKROOT = iphoneos;
				SWIFT_ACTIVE_COMPILATION_CONDITIONS = DEBUG;
				SWIFT_OPTIMIZATION_LEVEL = "-Onone";
			};
			name = Debug;
		};
		FCD6F3F728E67BDC00000948 /* Release */ = {
			isa = XCBuildConfiguration;
			buildSettings = {
				ALWAYS_SEARCH_USER_PATHS = NO;
				CLANG_ANALYZER_NONNULL = YES;
				CLANG_ANALYZER_NUMBER_OBJECT_CONVERSION = YES_AGGRESSIVE;
				CLANG_CXX_LANGUAGE_STANDARD = "gnu++20";
				CLANG_ENABLE_MODULES = YES;
				CLANG_ENABLE_OBJC_ARC = YES;
				CLANG_ENABLE_OBJC_WEAK = YES;
				CLANG_WARN_BLOCK_CAPTURE_AUTORELEASING = YES;
				CLANG_WARN_BOOL_CONVERSION = YES;
				CLANG_WARN_COMMA = YES;
				CLANG_WARN_CONSTANT_CONVERSION = YES;
				CLANG_WARN_DEPRECATED_OBJC_IMPLEMENTATIONS = YES;
				CLANG_WARN_DIRECT_OBJC_ISA_USAGE = YES_ERROR;
				CLANG_WARN_DOCUMENTATION_COMMENTS = YES;
				CLANG_WARN_EMPTY_BODY = YES;
				CLANG_WARN_ENUM_CONVERSION = YES;
				CLANG_WARN_INFINITE_RECURSION = YES;
				CLANG_WARN_INT_CONVERSION = YES;
				CLANG_WARN_NON_LITERAL_NULL_CONVERSION = YES;
				CLANG_WARN_OBJC_IMPLICIT_RETAIN_SELF = YES;
				CLANG_WARN_OBJC_LITERAL_CONVERSION = YES;
				CLANG_WARN_OBJC_ROOT_CLASS = YES_ERROR;
				CLANG_WARN_QUOTED_INCLUDE_IN_FRAMEWORK_HEADER = YES;
				CLANG_WARN_RANGE_LOOP_ANALYSIS = YES;
				CLANG_WARN_STRICT_PROTOTYPES = YES;
				CLANG_WARN_SUSPICIOUS_MOVE = YES;
				CLANG_WARN_UNGUARDED_AVAILABILITY = YES_AGGRESSIVE;
				CLANG_WARN_UNREACHABLE_CODE = YES;
				CLANG_WARN__DUPLICATE_METHOD_MATCH = YES;
				COPY_PHASE_STRIP = NO;
				DEBUG_INFORMATION_FORMAT = "dwarf-with-dsym";
				ENABLE_NS_ASSERTIONS = NO;
				ENABLE_STRICT_OBJC_MSGSEND = YES;
				GCC_C_LANGUAGE_STANDARD = gnu11;
				GCC_NO_COMMON_BLOCKS = YES;
				GCC_WARN_64_TO_32_BIT_CONVERSION = YES;
				GCC_WARN_ABOUT_RETURN_TYPE = YES_ERROR;
				GCC_WARN_UNDECLARED_SELECTOR = YES;
				GCC_WARN_UNINITIALIZED_AUTOS = YES_AGGRESSIVE;
				GCC_WARN_UNUSED_FUNCTION = YES;
				GCC_WARN_UNUSED_VARIABLE = YES;
				IPHONEOS_DEPLOYMENT_TARGET = 16.0;
				MTL_ENABLE_DEBUG_INFO = NO;
				MTL_FAST_MATH = YES;
				SDKROOT = iphoneos;
				SWIFT_COMPILATION_MODE = wholemodule;
				SWIFT_OPTIMIZATION_LEVEL = "-O";
				VALIDATE_PRODUCT = YES;
			};
			name = Release;
		};
		FCD6F3F928E67BDC00000948 /* Debug */ = {
			isa = XCBuildConfiguration;
			buildSettings = {
				ASSETCATALOG_COMPILER_APPICON_NAME = AppIcon;
				ASSETCATALOG_COMPILER_GLOBAL_ACCENT_COLOR_NAME = AccentColor;
				CODE_SIGN_STYLE = Automatic;
				CURRENT_PROJECT_VERSION = 1;
				DEVELOPMENT_ASSET_PATHS = "\"Counter/Preview Content\"";
				DEVELOPMENT_TEAM = 2KKWGWYX86;
				ENABLE_PREVIEWS = YES;
				GENERATE_INFOPLIST_FILE = YES;
				INFOPLIST_KEY_UIApplicationSceneManifest_Generation = YES;
				INFOPLIST_KEY_UIApplicationSupportsIndirectInputEvents = YES;
				INFOPLIST_KEY_UILaunchScreen_Generation = YES;
				INFOPLIST_KEY_UISupportedInterfaceOrientations_iPad = "UIInterfaceOrientationPortrait UIInterfaceOrientationPortraitUpsideDown UIInterfaceOrientationLandscapeLeft UIInterfaceOrientationLandscapeRight";
				INFOPLIST_KEY_UISupportedInterfaceOrientations_iPhone = "UIInterfaceOrientationPortrait UIInterfaceOrientationLandscapeLeft UIInterfaceOrientationLandscapeRight";
				LD_RUNPATH_SEARCH_PATHS = (
					"$(inherited)",
					"@executable_path/Frameworks",
				);
				MARKETING_VERSION = 1.0;
				PRODUCT_BUNDLE_IDENTIFIER = Cubstart.Counter;
				PRODUCT_NAME = "$(TARGET_NAME)";
				SWIFT_EMIT_LOC_STRINGS = YES;
				SWIFT_VERSION = 5.0;
				TARGETED_DEVICE_FAMILY = "1,2";
			};
			name = Debug;
		};
		FCD6F3FA28E67BDC00000948 /* Release */ = {
			isa = XCBuildConfiguration;
			buildSettings = {
				ASSETCATALOG_COMPILER_APPICON_NAME = AppIcon;
				ASSETCATALOG_COMPILER_GLOBAL_ACCENT_COLOR_NAME = AccentColor;
				CODE_SIGN_STYLE = Automatic;
				CURRENT_PROJECT_VERSION = 1;
				DEVELOPMENT_ASSET_PATHS = "\"Counter/Preview Content\"";
				DEVELOPMENT_TEAM = 2KKWGWYX86;
				ENABLE_PREVIEWS = YES;
				GENERATE_INFOPLIST_FILE = YES;
				INFOPLIST_KEY_UIApplicationSceneManifest_Generation = YES;
				INFOPLIST_KEY_UIApplicationSupportsIndirectInputEvents = YES;
				INFOPLIST_KEY_UILaunchScreen_Generation = YES;
				INFOPLIST_KEY_UISupportedInterfaceOrientations_iPad = "UIInterfaceOrientationPortrait UIInterfaceOrientationPortraitUpsideDown UIInterfaceOrientationLandscapeLeft UIInterfaceOrientationLandscapeRight";
				INFOPLIST_KEY_UISupportedInterfaceOrientations_iPhone = "UIInterfaceOrientationPortrait UIInterfaceOrientationLandscapeLeft UIInterfaceOrientationLandscapeRight";
				LD_RUNPATH_SEARCH_PATHS = (
					"$(inherited)",
					"@executable_path/Frameworks",
				);
				MARKETING_VERSION = 1.0;
				PRODUCT_BUNDLE_IDENTIFIER = Cubstart.Counter;
				PRODUCT_NAME = "$(TARGET_NAME)";
				SWIFT_EMIT_LOC_STRINGS = YES;
				SWIFT_VERSION = 5.0;
				TARGETED_DEVICE_FAMILY = "1,2";
			};
			name = Release;
		};
		FCD6F3FC28E67BDC00000948 /* Debug */ = {
			isa = XCBuildConfiguration;
			buildSettings = {
				ALWAYS_EMBED_SWIFT_STANDARD_LIBRARIES = YES;
				BUNDLE_LOADER = "$(TEST_HOST)";
				CODE_SIGN_STYLE = Automatic;
				CURRENT_PROJECT_VERSION = 1;
				DEVELOPMENT_TEAM = 2KKWGWYX86;
				GENERATE_INFOPLIST_FILE = YES;
				IPHONEOS_DEPLOYMENT_TARGET = 16.0;
				MARKETING_VERSION = 1.0;
				PRODUCT_BUNDLE_IDENTIFIER = Cubstart.CounterTests;
				PRODUCT_NAME = "$(TARGET_NAME)";
				SWIFT_EMIT_LOC_STRINGS = NO;
				SWIFT_VERSION = 5.0;
				TARGETED_DEVICE_FAMILY = "1,2";
				TEST_HOST = "$(BUILT_PRODUCTS_DIR)/Counter.app/$(BUNDLE_EXECUTABLE_FOLDER_PATH)/Counter";
			};
			name = Debug;
		};
		FCD6F3FD28E67BDC00000948 /* Release */ = {
			isa = XCBuildConfiguration;
			buildSettings = {
				ALWAYS_EMBED_SWIFT_STANDARD_LIBRARIES = YES;
				BUNDLE_LOADER = "$(TEST_HOST)";
				CODE_SIGN_STYLE = Automatic;
				CURRENT_PROJECT_VERSION = 1;
				DEVELOPMENT_TEAM = 2KKWGWYX86;
				GENERATE_INFOPLIST_FILE = YES;
				IPHONEOS_DEPLOYMENT_TARGET = 16.0;
				MARKETING_VERSION = 1.0;
				PRODUCT_BUNDLE_IDENTIFIER = Cubstart.CounterTests;
				PRODUCT_NAME = "$(TARGET_NAME)";
				SWIFT_EMIT_LOC_STRINGS = NO;
				SWIFT_VERSION = 5.0;
				TARGETED_DEVICE_FAMILY = "1,2";
				TEST_HOST = "$(BUILT_PRODUCTS_DIR)/Counter.app/$(BUNDLE_EXECUTABLE_FOLDER_PATH)/Counter";
			};
			name = Release;
		};
		FCD6F3FF28E67BDC00000948 /* Debug */ = {
			isa = XCBuildConfiguration;
			buildSettings = {
				ALWAYS_EMBED_SWIFT_STANDARD_LIBRARIES = YES;
				CODE_SIGN_STYLE = Automatic;
				CURRENT_PROJECT_VERSION = 1;
				DEVELOPMENT_TEAM = 2KKWGWYX86;
				GENERATE_INFOPLIST_FILE = YES;
				MARKETING_VERSION = 1.0;
				PRODUCT_BUNDLE_IDENTIFIER = Cubstart.CounterUITests;
				PRODUCT_NAME = "$(TARGET_NAME)";
				SWIFT_EMIT_LOC_STRINGS = NO;
				SWIFT_VERSION = 5.0;
				TARGETED_DEVICE_FAMILY = "1,2";
				TEST_TARGET_NAME = Counter;
			};
			name = Debug;
		};
		FCD6F40028E67BDC00000948 /* Release */ = {
			isa = XCBuildConfiguration;
			buildSettings = {
				ALWAYS_EMBED_SWIFT_STANDARD_LIBRARIES = YES;
				CODE_SIGN_STYLE = Automatic;
				CURRENT_PROJECT_VERSION = 1;
				DEVELOPMENT_TEAM = 2KKWGWYX86;
				GENERATE_INFOPLIST_FILE = YES;
				MARKETING_VERSION = 1.0;
				PRODUCT_BUNDLE_IDENTIFIER = Cubstart.CounterUITests;
				PRODUCT_NAME = "$(TARGET_NAME)";
				SWIFT_EMIT_LOC_STRINGS = NO;
				SWIFT_VERSION = 5.0;
				TARGETED_DEVICE_FAMILY = "1,2";
				TEST_TARGET_NAME = Counter;
			};
			name = Release;
		};
/* End XCBuildConfiguration section */

/* Begin XCConfigurationList section */
		FCD6F3CF28E67BDA00000948 /* Build configuration list for PBXProject "Counter" */ = {
			isa = XCConfigurationList;
			buildConfigurations = (
				FCD6F3F628E67BDC00000948 /* Debug */,
				FCD6F3F728E67BDC00000948 /* Release */,
			);
			defaultConfigurationIsVisible = 0;
			defaultConfigurationName = Release;
		};
		FCD6F3F828E67BDC00000948 /* Build configuration list for PBXNativeTarget "Counter" */ = {
			isa = XCConfigurationList;
			buildConfigurations = (
				FCD6F3F928E67BDC00000948 /* Debug */,
				FCD6F3FA28E67BDC00000948 /* Release */,
			);
			defaultConfigurationIsVisible = 0;
			defaultConfigurationName = Release;
		};
		FCD6F3FB28E67BDC00000948 /* Build configuration list for PBXNativeTarget "CounterTests" */ = {
			isa = XCConfigurationList;
			buildConfigurations = (
				FCD6F3FC28E67BDC00000948 /* Debug */,
				FCD6F3FD28E67BDC00000948 /* Release */,
			);
			defaultConfigurationIsVisible = 0;
			defaultConfigurationName = Release;
		};
		FCD6F3FE28E67BDC00000948 /* Build configuration list for PBXNativeTarget "CounterUITests" */ = {
			isa = XCConfigurationList;
			buildConfigurations = (
				FCD6F3FF28E67BDC00000948 /* Debug */,
				FCD6F40028E67BDC00000948 /* Release */,
			);
			defaultConfigurationIsVisible = 0;
			defaultConfigurationName = Release;
		};
/* End XCConfigurationList section */
	};
	rootObject = FCD6F3CC28E67BDA00000948 /* Project object */;
}
