// !$*UTF8*$!
{
	archiveVersion = 1;
	classes = {
	};
	objectVersion = 56;
	objects = {

/* Begin PBXBuildFile section */
		FC4DF9A828F8F42600805978 /* List_Custom_Cell_Lec_5App.swift in Sources */ = {isa = PBXBuildFile; fileRef = FC4DF9A728F8F42600805978 /* List_Custom_Cell_Lec_5App.swift */; };
		FC4DF9AA28F8F42600805978 /* ContentView.swift in Sources */ = {isa = PBXBuildFile; fileRef = FC4DF9A928F8F42600805978 /* ContentView.swift */; };
		FC4DF9AC28F8F42800805978 /* Assets.xcassets in Resources */ = {isa = PBXBuildFile; fileRef = FC4DF9AB28F8F42800805978 /* Assets.xcassets */; };
		FC4DF9AF28F8F42800805978 /* Preview Assets.xcassets in Resources */ = {isa = PBXBuildFile; fileRef = FC4DF9AE28F8F42800805978 /* Preview Assets.xcassets */; };
		FC4DF9B928F8F42800805978 /* List_Custom_Cell_Lec_5Tests.swift in Sources */ = {isa = PBXBuildFile; fileRef = FC4DF9B828F8F42800805978 /* List_Custom_Cell_Lec_5Tests.swift */; };
		FC4DF9C328F8F42800805978 /* List_Custom_Cell_Lec_5UITests.swift in Sources */ = {isa = PBXBuildFile; fileRef = FC4DF9C228F8F42800805978 /* List_Custom_Cell_Lec_5UITests.swift */; };
		FC4DF9C528F8F42800805978 /* List_Custom_Cell_Lec_5UITestsLaunchTests.swift in Sources */ = {isa = PBXBuildFile; fileRef = FC4DF9C428F8F42800805978 /* List_Custom_Cell_Lec_5UITestsLaunchTests.swift */; };
		FC4DF9D428F8F48900805978 /* CustomCell.swift in Sources */ = {isa = PBXBuildFile; fileRef = FC4DF9D328F8F48900805978 /* CustomCell.swift */; };
/* End PBXBuildFile section */

/* Begin PBXContainerItemProxy section */
		FC4DF9B528F8F42800805978 /* PBXContainerItemProxy */ = {
			isa = PBXContainerItemProxy;
			containerPortal = FC4DF99C28F8F42600805978 /* Project object */;
			proxyType = 1;
			remoteGlobalIDString = FC4DF9A328F8F42600805978;
			remoteInfo = "List&Custom Cell Lec 5";
		};
		FC4DF9BF28F8F42800805978 /* PBXContainerItemProxy */ = {
			isa = PBXContainerItemProxy;
			containerPortal = FC4DF99C28F8F42600805978 /* Project object */;
			proxyType = 1;
			remoteGlobalIDString = FC4DF9A328F8F42600805978;
			remoteInfo = "List&Custom Cell Lec 5";
		};
/* End PBXContainerItemProxy section */

/* Begin PBXFileReference section */
		FC4DF9A428F8F42600805978 /* List&Custom Cell Lec 5.app */ = {isa = PBXFileReference; explicitFileType = wrapper.application; includeInIndex = 0; path = "List&Custom Cell Lec 5.app"; sourceTree = BUILT_PRODUCTS_DIR; };
		FC4DF9A728F8F42600805978 /* List_Custom_Cell_Lec_5App.swift */ = {isa = PBXFileReference; lastKnownFileType = sourcecode.swift; path = List_Custom_Cell_Lec_5App.swift; sourceTree = "<group>"; };
		FC4DF9A928F8F42600805978 /* ContentView.swift */ = {isa = PBXFileReference; lastKnownFileType = sourcecode.swift; path = ContentView.swift; sourceTree = "<group>"; };
		FC4DF9AB28F8F42800805978 /* Assets.xcassets */ = {isa = PBXFileReference; lastKnownFileType = folder.assetcatalog; path = Assets.xcassets; sourceTree = "<group>"; };
		FC4DF9AE28F8F42800805978 /* Preview Assets.xcassets */ = {isa = PBXFileReference; lastKnownFileType = folder.assetcatalog; path = "Preview Assets.xcassets"; sourceTree = "<group>"; };
		FC4DF9B428F8F42800805978 /* List&Custom Cell Lec 5Tests.xctest */ = {isa = PBXFileReference; explicitFileType = wrapper.cfbundle; includeInIndex = 0; path = "List&Custom Cell Lec 5Tests.xctest"; sourceTree = BUILT_PRODUCTS_DIR; };
		FC4DF9B828F8F42800805978 /* List_Custom_Cell_Lec_5Tests.swift */ = {isa = PBXFileReference; lastKnownFileType = sourcecode.swift; path = List_Custom_Cell_Lec_5Tests.swift; sourceTree = "<group>"; };
		FC4DF9BE28F8F42800805978 /* List&Custom Cell Lec 5UITests.xctest */ = {isa = PBXFileReference; explicitFileType = wrapper.cfbundle; includeInIndex = 0; path = "List&Custom Cell Lec 5UITests.xctest"; sourceTree = BUILT_PRODUCTS_DIR; };
		FC4DF9C228F8F42800805978 /* List_Custom_Cell_Lec_5UITests.swift */ = {isa = PBXFileReference; lastKnownFileType = sourcecode.swift; path = List_Custom_Cell_Lec_5UITests.swift; sourceTree = "<group>"; };
		FC4DF9C428F8F42800805978 /* List_Custom_Cell_Lec_5UITestsLaunchTests.swift */ = {isa = PBXFileReference; lastKnownFileType = sourcecode.swift; path = List_Custom_Cell_Lec_5UITestsLaunchTests.swift; sourceTree = "<group>"; };
		FC4DF9D328F8F48900805978 /* CustomCell.swift */ = {isa = PBXFileReference; lastKnownFileType = sourcecode.swift; path = CustomCell.swift; sourceTree = "<group>"; };
/* End PBXFileReference section */

/* Begin PBXFrameworksBuildPhase section */
		FC4DF9A128F8F42600805978 /* Frameworks */ = {
			isa = PBXFrameworksBuildPhase;
			buildActionMask = 2147483647;
			files = (
			);
			runOnlyForDeploymentPostprocessing = 0;
		};
		FC4DF9B128F8F42800805978 /* Frameworks */ = {
			isa = PBXFrameworksBuildPhase;
			buildActionMask = 2147483647;
			files = (
			);
			runOnlyForDeploymentPostprocessing = 0;
		};
		FC4DF9BB28F8F42800805978 /* Frameworks */ = {
			isa = PBXFrameworksBuildPhase;
			buildActionMask = 2147483647;
			files = (
			);
			runOnlyForDeploymentPostprocessing = 0;
		};
/* End PBXFrameworksBuildPhase section */

/* Begin PBXGroup section */
		FC4DF99B28F8F42600805978 = {
			isa = PBXGroup;
			children = (
				FC4DF9A628F8F42600805978 /* List&Custom Cell Lec 5 */,
				FC4DF9B728F8F42800805978 /* List&Custom Cell Lec 5Tests */,
				FC4DF9C128F8F42800805978 /* List&Custom Cell Lec 5UITests */,
				FC4DF9A528F8F42600805978 /* Products */,
			);
			sourceTree = "<group>";
		};
		FC4DF9A528F8F42600805978 /* Products */ = {
			isa = PBXGroup;
			children = (
				FC4DF9A428F8F42600805978 /* List&Custom Cell Lec 5.app */,
				FC4DF9B428F8F42800805978 /* List&Custom Cell Lec 5Tests.xctest */,
				FC4DF9BE28F8F42800805978 /* List&Custom Cell Lec 5UITests.xctest */,
			);
			name = Products;
			sourceTree = "<group>";
		};
		FC4DF9A628F8F42600805978 /* List&Custom Cell Lec 5 */ = {
			isa = PBXGroup;
			children = (
				FC4DF9A728F8F42600805978 /* List_Custom_Cell_Lec_5App.swift */,
				FC4DF9A928F8F42600805978 /* ContentView.swift */,
				FC4DF9AB28F8F42800805978 /* Assets.xcassets */,
				FC4DF9AD28F8F42800805978 /* Preview Content */,
				FC4DF9D328F8F48900805978 /* CustomCell.swift */,
			);
			path = "List&Custom Cell Lec 5";
			sourceTree = "<group>";
		};
		FC4DF9AD28F8F42800805978 /* Preview Content */ = {
			isa = PBXGroup;
			children = (
				FC4DF9AE28F8F42800805978 /* Preview Assets.xcassets */,
			);
			path = "Preview Content";
			sourceTree = "<group>";
		};
		FC4DF9B728F8F42800805978 /* List&Custom Cell Lec 5Tests */ = {
			isa = PBXGroup;
			children = (
				FC4DF9B828F8F42800805978 /* List_Custom_Cell_Lec_5Tests.swift */,
			);
			path = "List&Custom Cell Lec 5Tests";
			sourceTree = "<group>";
		};
		FC4DF9C128F8F42800805978 /* List&Custom Cell Lec 5UITests */ = {
			isa = PBXGroup;
			children = (
				FC4DF9C228F8F42800805978 /* List_Custom_Cell_Lec_5UITests.swift */,
				FC4DF9C428F8F42800805978 /* List_Custom_Cell_Lec_5UITestsLaunchTests.swift */,
			);
			path = "List&Custom Cell Lec 5UITests";
			sourceTree = "<group>";
		};
/* End PBXGroup section */

/* Begin PBXNativeTarget section */
		FC4DF9A328F8F42600805978 /* List&Custom Cell Lec 5 */ = {
			isa = PBXNativeTarget;
			buildConfigurationList = FC4DF9C828F8F42800805978 /* Build configuration list for PBXNativeTarget "List&Custom Cell Lec 5" */;
			buildPhases = (
				FC4DF9A028F8F42600805978 /* Sources */,
				FC4DF9A128F8F42600805978 /* Frameworks */,
				FC4DF9A228F8F42600805978 /* Resources */,
			);
			buildRules = (
			);
			dependencies = (
			);
			name = "List&Custom Cell Lec 5";
			productName = "List&Custom Cell Lec 5";
			productReference = FC4DF9A428F8F42600805978 /* List&Custom Cell Lec 5.app */;
			productType = "com.apple.product-type.application";
		};
		FC4DF9B328F8F42800805978 /* List&Custom Cell Lec 5Tests */ = {
			isa = PBXNativeTarget;
			buildConfigurationList = FC4DF9CB28F8F42800805978 /* Build configuration list for PBXNativeTarget "List&Custom Cell Lec 5Tests" */;
			buildPhases = (
				FC4DF9B028F8F42800805978 /* Sources */,
				FC4DF9B128F8F42800805978 /* Frameworks */,
				FC4DF9B228F8F42800805978 /* Resources */,
			);
			buildRules = (
			);
			dependencies = (
				FC4DF9B628F8F42800805978 /* PBXTargetDependency */,
			);
			name = "List&Custom Cell Lec 5Tests";
			productName = "List&Custom Cell Lec 5Tests";
			productReference = FC4DF9B428F8F42800805978 /* List&Custom Cell Lec 5Tests.xctest */;
			productType = "com.apple.product-type.bundle.unit-test";
		};
		FC4DF9BD28F8F42800805978 /* List&Custom Cell Lec 5UITests */ = {
			isa = PBXNativeTarget;
			buildConfigurationList = FC4DF9CE28F8F42800805978 /* Build configuration list for PBXNativeTarget "List&Custom Cell Lec 5UITests" */;
			buildPhases = (
				FC4DF9BA28F8F42800805978 /* Sources */,
				FC4DF9BB28F8F42800805978 /* Frameworks */,
				FC4DF9BC28F8F42800805978 /* Resources */,
			);
			buildRules = (
			);
			dependencies = (
				FC4DF9C028F8F42800805978 /* PBXTargetDependency */,
			);
			name = "List&Custom Cell Lec 5UITests";
			productName = "List&Custom Cell Lec 5UITests";
			productReference = FC4DF9BE28F8F42800805978 /* List&Custom Cell Lec 5UITests.xctest */;
			productType = "com.apple.product-type.bundle.ui-testing";
		};
/* End PBXNativeTarget section */

/* Begin PBXProject section */
		FC4DF99C28F8F42600805978 /* Project object */ = {
			isa = PBXProject;
			attributes = {
				BuildIndependentTargetsInParallel = 1;
				LastSwiftUpdateCheck = 1400;
				LastUpgradeCheck = 1400;
				TargetAttributes = {
					FC4DF9A328F8F42600805978 = {
						CreatedOnToolsVersion = 14.0;
					};
					FC4DF9B328F8F42800805978 = {
						CreatedOnToolsVersion = 14.0;
						TestTargetID = FC4DF9A328F8F42600805978;
					};
					FC4DF9BD28F8F42800805978 = {
						CreatedOnToolsVersion = 14.0;
						TestTargetID = FC4DF9A328F8F42600805978;
					};
				};
			};
			buildConfigurationList = FC4DF99F28F8F42600805978 /* Build configuration list for PBXProject "List&Custom Cell Lec 5" */;
			compatibilityVersion = "Xcode 14.0";
			developmentRegion = en;
			hasScannedForEncodings = 0;
			knownRegions = (
				en,
				Base,
			);
			mainGroup = FC4DF99B28F8F42600805978;
			productRefGroup = FC4DF9A528F8F42600805978 /* Products */;
			projectDirPath = "";
			projectRoot = "";
			targets = (
				FC4DF9A328F8F42600805978 /* List&Custom Cell Lec 5 */,
				FC4DF9B328F8F42800805978 /* List&Custom Cell Lec 5Tests */,
				FC4DF9BD28F8F42800805978 /* List&Custom Cell Lec 5UITests */,
			);
		};
/* End PBXProject section */

/* Begin PBXResourcesBuildPhase section */
		FC4DF9A228F8F42600805978 /* Resources */ = {
			isa = PBXResourcesBuildPhase;
			buildActionMask = 2147483647;
			files = (
				FC4DF9AF28F8F42800805978 /* Preview Assets.xcassets in Resources */,
				FC4DF9AC28F8F42800805978 /* Assets.xcassets in Resources */,
			);
			runOnlyForDeploymentPostprocessing = 0;
		};
		FC4DF9B228F8F42800805978 /* Resources */ = {
			isa = PBXResourcesBuildPhase;
			buildActionMask = 2147483647;
			files = (
			);
			runOnlyForDeploymentPostprocessing = 0;
		};
		FC4DF9BC28F8F42800805978 /* Resources */ = {
			isa = PBXResourcesBuildPhase;
			buildActionMask = 2147483647;
			files = (
			);
			runOnlyForDeploymentPostprocessing = 0;
		};
/* End PBXResourcesBuildPhase section */

/* Begin PBXSourcesBuildPhase section */
		FC4DF9A028F8F42600805978 /* Sources */ = {
			isa = PBXSourcesBuildPhase;
			buildActionMask = 2147483647;
			files = (
				FC4DF9AA28F8F42600805978 /* ContentView.swift in Sources */,
				FC4DF9D428F8F48900805978 /* CustomCell.swift in Sources */,
				FC4DF9A828F8F42600805978 /* List_Custom_Cell_Lec_5App.swift in Sources */,
			);
			runOnlyForDeploymentPostprocessing = 0;
		};
		FC4DF9B028F8F42800805978 /* Sources */ = {
			isa = PBXSourcesBuildPhase;
			buildActionMask = 2147483647;
			files = (
				FC4DF9B928F8F42800805978 /* List_Custom_Cell_Lec_5Tests.swift in Sources */,
			);
			runOnlyForDeploymentPostprocessing = 0;
		};
		FC4DF9BA28F8F42800805978 /* Sources */ = {
			isa = PBXSourcesBuildPhase;
			buildActionMask = 2147483647;
			files = (
				FC4DF9C528F8F42800805978 /* List_Custom_Cell_Lec_5UITestsLaunchTests.swift in Sources */,
				FC4DF9C328F8F42800805978 /* List_Custom_Cell_Lec_5UITests.swift in Sources */,
			);
			runOnlyForDeploymentPostprocessing = 0;
		};
/* End PBXSourcesBuildPhase section */

/* Begin PBXTargetDependency section */
		FC4DF9B628F8F42800805978 /* PBXTargetDependency */ = {
			isa = PBXTargetDependency;
			target = FC4DF9A328F8F42600805978 /* List&Custom Cell Lec 5 */;
			targetProxy = FC4DF9B528F8F42800805978 /* PBXContainerItemProxy */;
		};
		FC4DF9C028F8F42800805978 /* PBXTargetDependency */ = {
			isa = PBXTargetDependency;
			target = FC4DF9A328F8F42600805978 /* List&Custom Cell Lec 5 */;
			targetProxy = FC4DF9BF28F8F42800805978 /* PBXContainerItemProxy */;
		};
/* End PBXTargetDependency section */

/* Begin XCBuildConfiguration section */
		FC4DF9C628F8F42800805978 /* Debug */ = {
			isa = XCBuildConfiguration;
			buildSettings = {
				ALWAYS_SEARCH_USER_PATHS = NO;
				CLANG_ANALYZER_NONNULL = YES;
				CLANG_ANALYZER_NUMBER_OBJECT_CONVERSION = YES_AGGRESSIVE;
				CLANG_CXX_LANGUAGE_STANDARD = "gnu++20";
				CLANG_ENABLE_MODULES = YES;
				CLANG_ENABLE_OBJC_ARC = YES;
				CLANG_ENABLE_OBJC_WEAK = YES;
				CLANG_WARN_BLOCK_CAPTURE_AUTORELEASING = YES;
				CLANG_WARN_BOOL_CONVERSION = YES;
				CLANG_WARN_COMMA = YES;
				CLANG_WARN_CONSTANT_CONVERSION = YES;
				CLANG_WARN_DEPRECATED_OBJC_IMPLEMENTATIONS = YES;
				CLANG_WARN_DIRECT_OBJC_ISA_USAGE = YES_ERROR;
				CLANG_WARN_DOCUMENTATION_COMMENTS = YES;
				CLANG_WARN_EMPTY_BODY = YES;
				CLANG_WARN_ENUM_CONVERSION = YES;
				CLANG_WARN_INFINITE_RECURSION = YES;
				CLANG_WARN_INT_CONVERSION = YES;
				CLANG_WARN_NON_LITERAL_NULL_CONVERSION = YES;
				CLANG_WARN_OBJC_IMPLICIT_RETAIN_SELF = YES;
				CLANG_WARN_OBJC_LITERAL_CONVERSION = YES;
				CLANG_WARN_OBJC_ROOT_CLASS = YES_ERROR;
				CLANG_WARN_QUOTED_INCLUDE_IN_FRAMEWORK_HEADER = YES;
				CLANG_WARN_RANGE_LOOP_ANALYSIS = YES;
				CLANG_WARN_STRICT_PROTOTYPES = YES;
				CLANG_WARN_SUSPICIOUS_MOVE = YES;
				CLANG_WARN_UNGUARDED_AVAILABILITY = YES_AGGRESSIVE;
				CLANG_WARN_UNREACHABLE_CODE = YES;
				CLANG_WARN__DUPLICATE_METHOD_MATCH = YES;
				COPY_PHASE_STRIP = NO;
				DEBUG_INFORMATION_FORMAT = dwarf;
				ENABLE_STRICT_OBJC_MSGSEND = YES;
				ENABLE_TESTABILITY = YES;
				GCC_C_LANGUAGE_STANDARD = gnu11;
				GCC_DYNAMIC_NO_PIC = NO;
				GCC_NO_COMMON_BLOCKS = YES;
				GCC_OPTIMIZATION_LEVEL = 0;
				GCC_PREPROCESSOR_DEFINITIONS = (
					"DEBUG=1",
					"$(inherited)",
				);
				GCC_WARN_64_TO_32_BIT_CONVERSION = YES;
				GCC_WARN_ABOUT_RETURN_TYPE = YES_ERROR;
				GCC_WARN_UNDECLARED_SELECTOR = YES;
				GCC_WARN_UNINITIALIZED_AUTOS = YES_AGGRESSIVE;
				GCC_WARN_UNUSED_FUNCTION = YES;
				GCC_WARN_UNUSED_VARIABLE = YES;
				IPHONEOS_DEPLOYMENT_TARGET = 16.0;
				MTL_ENABLE_DEBUG_INFO = INCLUDE_SOURCE;
				MTL_FAST_MATH = YES;
				ONLY_ACTIVE_ARCH = YES;
				SDKROOT = iphoneos;
				SWIFT_ACTIVE_COMPILATION_CONDITIONS = DEBUG;
				SWIFT_OPTIMIZATION_LEVEL = "-Onone";
			};
			name = Debug;
		};
		FC4DF9C728F8F42800805978 /* Release */ = {
			isa = XCBuildConfiguration;
			buildSettings = {
				ALWAYS_SEARCH_USER_PATHS = NO;
				CLANG_ANALYZER_NONNULL = YES;
				CLANG_ANALYZER_NUMBER_OBJECT_CONVERSION = YES_AGGRESSIVE;
				CLANG_CXX_LANGUAGE_STANDARD = "gnu++20";
				CLANG_ENABLE_MODULES = YES;
				CLANG_ENABLE_OBJC_ARC = YES;
				CLANG_ENABLE_OBJC_WEAK = YES;
				CLANG_WARN_BLOCK_CAPTURE_AUTORELEASING = YES;
				CLANG_WARN_BOOL_CONVERSION = YES;
				CLANG_WARN_COMMA = YES;
				CLANG_WARN_CONSTANT_CONVERSION = YES;
				CLANG_WARN_DEPRECATED_OBJC_IMPLEMENTATIONS = YES;
				CLANG_WARN_DIRECT_OBJC_ISA_USAGE = YES_ERROR;
				CLANG_WARN_DOCUMENTATION_COMMENTS = YES;
				CLANG_WARN_EMPTY_BODY = YES;
				CLANG_WARN_ENUM_CONVERSION = YES;
				CLANG_WARN_INFINITE_RECURSION = YES;
				CLANG_WARN_INT_CONVERSION = YES;
				CLANG_WARN_NON_LITERAL_NULL_CONVERSION = YES;
				CLANG_WARN_OBJC_IMPLICIT_RETAIN_SELF = YES;
				CLANG_WARN_OBJC_LITERAL_CONVERSION = YES;
				CLANG_WARN_OBJC_ROOT_CLASS = YES_ERROR;
				CLANG_WARN_QUOTED_INCLUDE_IN_FRAMEWORK_HEADER = YES;
				CLANG_WARN_RANGE_LOOP_ANALYSIS = YES;
				CLANG_WARN_STRICT_PROTOTYPES = YES;
				CLANG_WARN_SUSPICIOUS_MOVE = YES;
				CLANG_WARN_UNGUARDED_AVAILABILITY = YES_AGGRESSIVE;
				CLANG_WARN_UNREACHABLE_CODE = YES;
				CLANG_WARN__DUPLICATE_METHOD_MATCH = YES;
				COPY_PHASE_STRIP = NO;
				DEBUG_INFORMATION_FORMAT = "dwarf-with-dsym";
				ENABLE_NS_ASSERTIONS = NO;
				ENABLE_STRICT_OBJC_MSGSEND = YES;
				GCC_C_LANGUAGE_STANDARD = gnu11;
				GCC_NO_COMMON_BLOCKS = YES;
				GCC_WARN_64_TO_32_BIT_CONVERSION = YES;
				GCC_WARN_ABOUT_RETURN_TYPE = YES_ERROR;
				GCC_WARN_UNDECLARED_SELECTOR = YES;
				GCC_WARN_UNINITIALIZED_AUTOS = YES_AGGRESSIVE;
				GCC_WARN_UNUSED_FUNCTION = YES;
				GCC_WARN_UNUSED_VARIABLE = YES;
				IPHONEOS_DEPLOYMENT_TARGET = 16.0;
				MTL_ENABLE_DEBUG_INFO = NO;
				MTL_FAST_MATH = YES;
				SDKROOT = iphoneos;
				SWIFT_COMPILATION_MODE = wholemodule;
				SWIFT_OPTIMIZATION_LEVEL = "-O";
				VALIDATE_PRODUCT = YES;
			};
			name = Release;
		};
		FC4DF9C928F8F42800805978 /* Debug */ = {
			isa = XCBuildConfiguration;
			buildSettings = {
				ASSETCATALOG_COMPILER_APPICON_NAME = AppIcon;
				ASSETCATALOG_COMPILER_GLOBAL_ACCENT_COLOR_NAME = AccentColor;
				CODE_SIGN_STYLE = Automatic;
				CURRENT_PROJECT_VERSION = 1;
				DEVELOPMENT_ASSET_PATHS = "\"List&Custom Cell Lec 5/Preview Content\"";
				DEVELOPMENT_TEAM = 2KKWGWYX86;
				ENABLE_PREVIEWS = YES;
				GENERATE_INFOPLIST_FILE = YES;
				INFOPLIST_KEY_UIApplicationSceneManifest_Generation = YES;
				INFOPLIST_KEY_UIApplicationSupportsIndirectInputEvents = YES;
				INFOPLIST_KEY_UILaunchScreen_Generation = YES;
				INFOPLIST_KEY_UISupportedInterfaceOrientations_iPad = "UIInterfaceOrientationPortrait UIInterfaceOrientationPortraitUpsideDown UIInterfaceOrientationLandscapeLeft UIInterfaceOrientationLandscapeRight";
				INFOPLIST_KEY_UISupportedInterfaceOrientations_iPhone = "UIInterfaceOrientationPortrait UIInterfaceOrientationLandscapeLeft UIInterfaceOrientationLandscapeRight";
				LD_RUNPATH_SEARCH_PATHS = (
					"$(inherited)",
					"@executable_path/Frameworks",
				);
				MARKETING_VERSION = 1.0;
				PRODUCT_BUNDLE_IDENTIFIER = "Cubstart.List-Custom-Cell-Lec-5";
				PRODUCT_NAME = "$(TARGET_NAME)";
				SWIFT_EMIT_LOC_STRINGS = YES;
				SWIFT_VERSION = 5.0;
				TARGETED_DEVICE_FAMILY = "1,2";
			};
			name = Debug;
		};
		FC4DF9CA28F8F42800805978 /* Release */ = {
			isa = XCBuildConfiguration;
			buildSettings = {
				ASSETCATALOG_COMPILER_APPICON_NAME = AppIcon;
				ASSETCATALOG_COMPILER_GLOBAL_ACCENT_COLOR_NAME = AccentColor;
				CODE_SIGN_STYLE = Automatic;
				CURRENT_PROJECT_VERSION = 1;
				DEVELOPMENT_ASSET_PATHS = "\"List&Custom Cell Lec 5/Preview Content\"";
				DEVELOPMENT_TEAM = 2KKWGWYX86;
				ENABLE_PREVIEWS = YES;
				GENERATE_INFOPLIST_FILE = YES;
				INFOPLIST_KEY_UIApplicationSceneManifest_Generation = YES;
				INFOPLIST_KEY_UIApplicationSupportsIndirectInputEvents = YES;
				INFOPLIST_KEY_UILaunchScreen_Generation = YES;
				INFOPLIST_KEY_UISupportedInterfaceOrientations_iPad = "UIInterfaceOrientationPortrait UIInterfaceOrientationPortraitUpsideDown UIInterfaceOrientationLandscapeLeft UIInterfaceOrientationLandscapeRight";
				INFOPLIST_KEY_UISupportedInterfaceOrientations_iPhone = "UIInterfaceOrientationPortrait UIInterfaceOrientationLandscapeLeft UIInterfaceOrientationLandscapeRight";
				LD_RUNPATH_SEARCH_PATHS = (
					"$(inherited)",
					"@executable_path/Frameworks",
				);
				MARKETING_VERSION = 1.0;
				PRODUCT_BUNDLE_IDENTIFIER = "Cubstart.List-Custom-Cell-Lec-5";
				PRODUCT_NAME = "$(TARGET_NAME)";
				SWIFT_EMIT_LOC_STRINGS = YES;
				SWIFT_VERSION = 5.0;
				TARGETED_DEVICE_FAMILY = "1,2";
			};
			name = Release;
		};
		FC4DF9CC28F8F42800805978 /* Debug */ = {
			isa = XCBuildConfiguration;
			buildSettings = {
				ALWAYS_EMBED_SWIFT_STANDARD_LIBRARIES = YES;
				BUNDLE_LOADER = "$(TEST_HOST)";
				CODE_SIGN_STYLE = Automatic;
				CURRENT_PROJECT_VERSION = 1;
				DEVELOPMENT_TEAM = 2KKWGWYX86;
				GENERATE_INFOPLIST_FILE = YES;
				IPHONEOS_DEPLOYMENT_TARGET = 16.0;
				MARKETING_VERSION = 1.0;
				PRODUCT_BUNDLE_IDENTIFIER = "Cubstart.List-Custom-Cell-Lec-5Tests";
				PRODUCT_NAME = "$(TARGET_NAME)";
				SWIFT_EMIT_LOC_STRINGS = NO;
				SWIFT_VERSION = 5.0;
				TARGETED_DEVICE_FAMILY = "1,2";
				TEST_HOST = "$(BUILT_PRODUCTS_DIR)/List&Custom Cell Lec 5.app/$(BUNDLE_EXECUTABLE_FOLDER_PATH)/List&Custom Cell Lec 5";
			};
			name = Debug;
		};
		FC4DF9CD28F8F42800805978 /* Release */ = {
			isa = XCBuildConfiguration;
			buildSettings = {
				ALWAYS_EMBED_SWIFT_STANDARD_LIBRARIES = YES;
				BUNDLE_LOADER = "$(TEST_HOST)";
				CODE_SIGN_STYLE = Automatic;
				CURRENT_PROJECT_VERSION = 1;
				DEVELOPMENT_TEAM = 2KKWGWYX86;
				GENERATE_INFOPLIST_FILE = YES;
				IPHONEOS_DEPLOYMENT_TARGET = 16.0;
				MARKETING_VERSION = 1.0;
				PRODUCT_BUNDLE_IDENTIFIER = "Cubstart.List-Custom-Cell-Lec-5Tests";
				PRODUCT_NAME = "$(TARGET_NAME)";
				SWIFT_EMIT_LOC_STRINGS = NO;
				SWIFT_VERSION = 5.0;
				TARGETED_DEVICE_FAMILY = "1,2";
				TEST_HOST = "$(BUILT_PRODUCTS_DIR)/List&Custom Cell Lec 5.app/$(BUNDLE_EXECUTABLE_FOLDER_PATH)/List&Custom Cell Lec 5";
			};
			name = Release;
		};
		FC4DF9CF28F8F42800805978 /* Debug */ = {
			isa = XCBuildConfiguration;
			buildSettings = {
				ALWAYS_EMBED_SWIFT_STANDARD_LIBRARIES = YES;
				CODE_SIGN_STYLE = Automatic;
				CURRENT_PROJECT_VERSION = 1;
				DEVELOPMENT_TEAM = 2KKWGWYX86;
				GENERATE_INFOPLIST_FILE = YES;
				MARKETING_VERSION = 1.0;
				PRODUCT_BUNDLE_IDENTIFIER = "Cubstart.List-Custom-Cell-Lec-5UITests";
				PRODUCT_NAME = "$(TARGET_NAME)";
				SWIFT_EMIT_LOC_STRINGS = NO;
				SWIFT_VERSION = 5.0;
				TARGETED_DEVICE_FAMILY = "1,2";
				TEST_TARGET_NAME = "List&Custom Cell Lec 5";
			};
			name = Debug;
		};
		FC4DF9D028F8F42800805978 /* Release */ = {
			isa = XCBuildConfiguration;
			buildSettings = {
				ALWAYS_EMBED_SWIFT_STANDARD_LIBRARIES = YES;
				CODE_SIGN_STYLE = Automatic;
				CURRENT_PROJECT_VERSION = 1;
				DEVELOPMENT_TEAM = 2KKWGWYX86;
				GENERATE_INFOPLIST_FILE = YES;
				MARKETING_VERSION = 1.0;
				PRODUCT_BUNDLE_IDENTIFIER = "Cubstart.List-Custom-Cell-Lec-5UITests";
				PRODUCT_NAME = "$(TARGET_NAME)";
				SWIFT_EMIT_LOC_STRINGS = NO;
				SWIFT_VERSION = 5.0;
				TARGETED_DEVICE_FAMILY = "1,2";
				TEST_TARGET_NAME = "List&Custom Cell Lec 5";
			};
			name = Release;
		};
/* End XCBuildConfiguration section */

/* Begin XCConfigurationList section */
		FC4DF99F28F8F42600805978 /* Build configuration list for PBXProject "List&Custom Cell Lec 5" */ = {
			isa = XCConfigurationList;
			buildConfigurations = (
				FC4DF9C628F8F42800805978 /* Debug */,
				FC4DF9C728F8F42800805978 /* Release */,
			);
			defaultConfigurationIsVisible = 0;
			defaultConfigurationName = Release;
		};
		FC4DF9C828F8F42800805978 /* Build configuration list for PBXNativeTarget "List&Custom Cell Lec 5" */ = {
			isa = XCConfigurationList;
			buildConfigurations = (
				FC4DF9C928F8F42800805978 /* Debug */,
				FC4DF9CA28F8F42800805978 /* Release */,
			);
			defaultConfigurationIsVisible = 0;
			defaultConfigurationName = Release;
		};
		FC4DF9CB28F8F42800805978 /* Build configuration list for PBXNativeTarget "List&Custom Cell Lec 5Tests" */ = {
			isa = XCConfigurationList;
			buildConfigurations = (
				FC4DF9CC28F8F42800805978 /* Debug */,
				FC4DF9CD28F8F42800805978 /* Release */,
			);
			defaultConfigurationIsVisible = 0;
			defaultConfigurationName = Release;
		};
		FC4DF9CE28F8F42800805978 /* Build configuration list for PBXNativeTarget "List&Custom Cell Lec 5UITests" */ = {
			isa = XCConfigurationList;
			buildConfigurations = (
				FC4DF9CF28F8F42800805978 /* Debug */,
				FC4DF9D028F8F42800805978 /* Release */,
			);
			defaultConfigurationIsVisible = 0;
			defaultConfigurationName = Release;
		};
/* End XCConfigurationList section */
	};
	rootObject = FC4DF99C28F8F42600805978 /* Project object */;
}
